
Microsoft Visual Studio Solution File, Format Version 12.00
# Visual Studio Version 17
VisualStudioVersion = 17.3.32901.215
MinimumVisualStudioVersion = 10.0.40219.1
Project("{FAE04EC0-301F-11D3-BF4B-00C04F79EFBC}") = "DateTime kullanimi 2 815", "DateTime kullanimi 2 815\DateTime kullanimi 2 815.csproj", "{D50F57B7-F3C8-4F32-A565-D06F84F813E2}"
EndProject
Global
	GlobalSection(SolutionConfigurationPlatforms) = preSolution
		Debug|Any CPU = Debug|Any CPU
		Release|Any CPU = Release|Any CPU
	EndGlobalSection
	GlobalSection(ProjectConfigurationPlatforms) = postSolution
		{D50F57B7-F3C8-4F32-A565-D06F84F813E2}.Debug|Any CPU.ActiveCfg = Debug|Any CPU
		{D50F57B7-F3C8-4F32-A565-D06F84F813E2}.Debug|Any CPU.Build.0 = Debug|Any CPU
		{D50F57B7-F3C8-4F32-A565-D06F84F813E2}.Release|Any CPU.ActiveCfg = Release|Any CPU
		{D50F57B7-F3C8-4F32-A565-D06F84F813E2}.Release|Any CPU.Build.0 = Release|Any CPU
	EndGlobalSection
	GlobalSection(SolutionProperties) = preSolution
		HideSolutionNode = FALSE
	EndGlobalSection
	GlobalSection(ExtensibilityGlobals) = postSolution
		SolutionGuid = {7F069079-6D7C-44A4-80C4-FD9A60DC16F7}
	EndGlobalSection
EndGlobal
